// !$*UTF8*$!
{
	archiveVersion = 1;
	classes = {
	};
	objectVersion = 42;
	objects = {

/* Begin PBXBuildFile section */
		15409F750DCB9D6C00BC6E83 /* GLib.framework in Frameworks */ = {isa = PBXBuildFile; fileRef = 15409F740DCB9D6C00BC6E83 /* GLib.framework */; };
		15409F790DCB9D7A00BC6E83 /* Gtk.framework in Frameworks */ = {isa = PBXBuildFile; fileRef = 15409F780DCB9D7A00BC6E83 /* Gtk.framework */; };
		15409F7D0DCB9D8800BC6E83 /* Cairo.framework in Frameworks */ = {isa = PBXBuildFile; fileRef = 15409F7C0DCB9D8800BC6E83 /* Cairo.framework */; };
		53030B900EA519800076D477 /* init.c in Sources */ = {isa = PBXBuildFile; fileRef = 53030B8F0EA519800076D477 /* init.c */; };
		5374A5C90EAF903F00B698B5 /* game.c in Sources */ = {isa = PBXBuildFile; fileRef = 5374A5C80EAF903F00B698B5 /* game.c */; };
		53F35A350EAE1BB60066F650 /* timer.c in Sources */ = {isa = PBXBuildFile; fileRef = 53F35A340EAE1BB60066F650 /* timer.c */; };
		8D11072B0486CEB800E47090 /* InfoPlist.strings in Resources */ = {isa = PBXBuildFile; fileRef = 089C165CFE840E0CC02AAC07 /* InfoPlist.strings */; };
		8D11072D0486CEB800E47090 /* main.c in Sources */ = {isa = PBXBuildFile; fileRef = 29B97316FDCFA39411CA2CEA /* main.c */; settings = {ATTRIBUTES = (); }; };
		BF6A1B220EBF9ACE0073B71E /* CoreFoundation.framework in Frameworks */ = {isa = PBXBuildFile; fileRef = BF6A1B210EBF9ACE0073B71E /* CoreFoundation.framework */; };
		C0196E570EA3985D007A6E23 /* icon.icns in Resources */ = {isa = PBXBuildFile; fileRef = C0196E560EA3985D007A6E23 /* icon.icns */; };
		C0196E840EA3A2FE007A6E23 /* newgame.c in Sources */ = {isa = PBXBuildFile; fileRef = C0196E830EA3A2FE007A6E23 /* newgame.c */; };
		C0196E950EA3A613007A6E23 /* menu.c in Sources */ = {isa = PBXBuildFile; fileRef = C0196E940EA3A613007A6E23 /* menu.c */; };
		C0F103B20EC75A7400C8C623 /* win.png in Resources */ = {isa = PBXBuildFile; fileRef = C0F103B10EC75A7400C8C623 /* win.png */; };
/* End PBXBuildFile section */

/* Begin PBXFileReference section */
		089C165DFE840E0CC02AAC07 /* English */ = {isa = PBXFileReference; fileEncoding = 10; lastKnownFileType = text.plist.strings; name = English; path = English.lproj/InfoPlist.strings; sourceTree = "<group>"; };
		15409F740DCB9D6C00BC6E83 /* GLib.framework */ = {isa = PBXFileReference; lastKnownFileType = wrapper.framework; name = GLib.framework; path = /Library/Frameworks/GLib.framework; sourceTree = "<absolute>"; };
		15409F780DCB9D7A00BC6E83 /* Gtk.framework */ = {isa = PBXFileReference; lastKnownFileType = wrapper.framework; name = Gtk.framework; path = /Library/Frameworks/Gtk.framework; sourceTree = "<absolute>"; };
		15409F7C0DCB9D8800BC6E83 /* Cairo.framework */ = {isa = PBXFileReference; lastKnownFileType = wrapper.framework; name = Cairo.framework; path = /Library/Frameworks/Cairo.framework; sourceTree = "<absolute>"; };
		29B97316FDCFA39411CA2CEA /* main.c */ = {isa = PBXFileReference; fileEncoding = 4; lastKnownFileType = sourcecode.c.c; path = main.c; sourceTree = "<group>"; };
		53030B8F0EA519800076D477 /* init.c */ = {isa = PBXFileReference; fileEncoding = 4; lastKnownFileType = sourcecode.c.c; path = init.c; sourceTree = "<group>"; };
		5374A5C80EAF903F00B698B5 /* game.c */ = {isa = PBXFileReference; fileEncoding = 4; lastKnownFileType = sourcecode.c.c; path = game.c; sourceTree = "<group>"; };
		5374A5D50EAF906700B698B5 /* menu.h */ = {isa = PBXFileReference; fileEncoding = 4; lastKnownFileType = sourcecode.c.h; path = menu.h; sourceTree = "<group>"; };
		5374A5D60EAF906700B698B5 /* newgame.h */ = {isa = PBXFileReference; fileEncoding = 4; lastKnownFileType = sourcecode.c.h; path = newgame.h; sourceTree = "<group>"; };
		5374A5D70EAF906700B698B5 /* test.png */ = {isa = PBXFileReference; lastKnownFileType = image.png; path = test.png; sourceTree = "<group>"; };
		53F35A340EAE1BB60066F650 /* timer.c */ = {isa = PBXFileReference; fileEncoding = 4; lastKnownFileType = sourcecode.c.c; path = timer.c; sourceTree = "<group>"; };
		53F6FE100EB0C608007ACF2C /* elephant.png */ = {isa = PBXFileReference; lastKnownFileType = image.png; name = elephant.png; path = /elephant.png; sourceTree = "<absolute>"; };
		53F6FE110EB0C608007ACF2C /* empty.png */ = {isa = PBXFileReference; lastKnownFileType = image.png; name = empty.png; path = /empty.png; sourceTree = "<absolute>"; };
		53F6FE120EB0C608007ACF2C /* rhino.png */ = {isa = PBXFileReference; lastKnownFileType = image.png; name = rhino.png; path = /rhino.png; sourceTree = "<absolute>"; };
		53F6FE420EB0C768007ACF2C /* elephant-b.png */ = {isa = PBXFileReference; lastKnownFileType = image.png; path = "elephant-b.png"; sourceTree = "<group>"; };
		53F6FE430EB0C768007ACF2C /* elephant-l.png */ = {isa = PBXFileReference; lastKnownFileType = image.png; path = "elephant-l.png"; sourceTree = "<group>"; };
		53F6FE440EB0C768007ACF2C /* elephant-r.png */ = {isa = PBXFileReference; lastKnownFileType = image.png; path = "elephant-r.png"; sourceTree = "<group>"; };
		53F6FE450EB0C768007ACF2C /* elephant.png */ = {isa = PBXFileReference; lastKnownFileType = image.png; path = elephant.png; sourceTree = "<group>"; };
		53F6FE460EB0C768007ACF2C /* empty.png */ = {isa = PBXFileReference; lastKnownFileType = image.png; path = empty.png; sourceTree = "<group>"; };
		53F6FE470EB0C768007ACF2C /* rhino-b.png */ = {isa = PBXFileReference; lastKnownFileType = image.png; path = "rhino-b.png"; sourceTree = "<group>"; };
		53F6FE480EB0C768007ACF2C /* rhino-l.png */ = {isa = PBXFileReference; lastKnownFileType = image.png; path = "rhino-l.png"; sourceTree = "<group>"; };
		53F6FE490EB0C768007ACF2C /* rhino-r.png */ = {isa = PBXFileReference; lastKnownFileType = image.png; path = "rhino-r.png"; sourceTree = "<group>"; };
		53F6FE4A0EB0C768007ACF2C /* rhino.png */ = {isa = PBXFileReference; lastKnownFileType = image.png; path = rhino.png; sourceTree = "<group>"; };
		8D1107310486CEB800E47090 /* Info.plist */ = {isa = PBXFileReference; fileEncoding = 4; lastKnownFileType = text.plist; path = Info.plist; sourceTree = "<group>"; };
		8D1107320486CEB800E47090 /* GTK-Siam.app */ = {isa = PBXFileReference; explicitFileType = wrapper.application; includeInIndex = 0; path = "GTK-Siam.app"; sourceTree = BUILT_PRODUCTS_DIR; };
		BF6A1B210EBF9ACE0073B71E /* CoreFoundation.framework */ = {isa = PBXFileReference; lastKnownFileType = wrapper.framework; name = CoreFoundation.framework; path = /System/Library/Frameworks/CoreFoundation.framework; sourceTree = "<absolute>"; };
		C0196E560EA3985D007A6E23 /* icon.icns */ = {isa = PBXFileReference; lastKnownFileType = image.icns; path = icon.icns; sourceTree = "<group>"; };
		C0196E600EA398AC007A6E23 /* library.h */ = {isa = PBXFileReference; fileEncoding = 4; lastKnownFileType = sourcecode.c.h; path = library.h; sourceTree = "<group>"; };
		C0196E830EA3A2FE007A6E23 /* newgame.c */ = {isa = PBXFileReference; fileEncoding = 4; lastKnownFileType = sourcecode.c.c; path = newgame.c; sourceTree = "<group>"; };
		C0196E940EA3A613007A6E23 /* menu.c */ = {isa = PBXFileReference; fileEncoding = 4; lastKnownFileType = sourcecode.c.c; path = menu.c; sourceTree = "<group>"; };
		C0F103B10EC75A7400C8C623 /* win.png */ = {isa = PBXFileReference; lastKnownFileType = image.png; path = win.png; sourceTree = "<group>"; };
/* End PBXFileReference section */

/* Begin PBXFrameworksBuildPhase section */
		8D11072E0486CEB800E47090 /* Frameworks */ = {
			isa = PBXFrameworksBuildPhase;
			buildActionMask = 2147483647;
			files = (
				15409F750DCB9D6C00BC6E83 /* GLib.framework in Frameworks */,
				15409F790DCB9D7A00BC6E83 /* Gtk.framework in Frameworks */,
				15409F7D0DCB9D8800BC6E83 /* Cairo.framework in Frameworks */,
				BF6A1B220EBF9ACE0073B71E /* CoreFoundation.framework in Frameworks */,
			);
			runOnlyForDeploymentPostprocessing = 0;
		};
/* End PBXFrameworksBuildPhase section */

/* Begin PBXGroup section */
		080E96DDFE201D6D7F000001 /* Classes */ = {
			isa = PBXGroup;
			children = (
			);
			name = Classes;
			sourceTree = "<group>";
		};
		1058C7A0FEA54F0111CA2CBB /* Linked Frameworks */ = {
			isa = PBXGroup;
			children = (
				BF6A1B210EBF9ACE0073B71E /* CoreFoundation.framework */,
				15409F7C0DCB9D8800BC6E83 /* Cairo.framework */,
				15409F780DCB9D7A00BC6E83 /* Gtk.framework */,
				15409F740DCB9D6C00BC6E83 /* GLib.framework */,
			);
			name = "Linked Frameworks";
			sourceTree = "<group>";
		};
		1058C7A2FEA54F0111CA2CBB /* Other Frameworks */ = {
			isa = PBXGroup;
			children = (
			);
			name = "Other Frameworks";
			sourceTree = "<group>";
		};
		19C28FACFE9D520D11CA2CBB /* Products */ = {
			isa = PBXGroup;
			children = (
				8D1107320486CEB800E47090 /* GTK-Siam.app */,
			);
			name = Products;
			sourceTree = "<group>";
		};
		29B97314FDCFA39411CA2CEA /* GTK-Siam */ = {
			isa = PBXGroup;
			children = (
				080E96DDFE201D6D7F000001 /* Classes */,
				29B97315FDCFA39411CA2CEA /* Other Sources */,
				29B97317FDCFA39411CA2CEA /* Resources */,
				29B97323FDCFA39411CA2CEA /* Frameworks */,
				19C28FACFE9D520D11CA2CBB /* Products */,
			);
			name = "GTK-Siam";
			sourceTree = "<group>";
		};
		29B97315FDCFA39411CA2CEA /* Other Sources */ = {
			isa = PBXGroup;
			children = (
				53030B8F0EA519800076D477 /* init.c */,
				53F35A340EAE1BB60066F650 /* timer.c */,
				29B97316FDCFA39411CA2CEA /* main.c */,
				C0196E830EA3A2FE007A6E23 /* newgame.c */,
				C0196E600EA398AC007A6E23 /* library.h */,
				C0196E940EA3A613007A6E23 /* menu.c */,
				5374A5D50EAF906700B698B5 /* menu.h */,
				5374A5D60EAF906700B698B5 /* newgame.h */,
				5374A5C80EAF903F00B698B5 /* game.c */,
			);
			name = "Other Sources";
			sourceTree = "<group>";
		};
		29B97317FDCFA39411CA2CEA /* Resources */ = {
			isa = PBXGroup;
			children = (
				C0F103B10EC75A7400C8C623 /* win.png */,
				5374A5D70EAF906700B698B5 /* test.png */,
				53F6FE120EB0C608007ACF2C /* rhino.png */,
				53F6FE420EB0C768007ACF2C /* elephant-b.png */,
				53F6FE430EB0C768007ACF2C /* elephant-l.png */,
				53F6FE440EB0C768007ACF2C /* elephant-r.png */,
				53F6FE450EB0C768007ACF2C /* elephant.png */,
				53F6FE460EB0C768007ACF2C /* empty.png */,
				53F6FE470EB0C768007ACF2C /* rhino-b.png */,
				53F6FE480EB0C768007ACF2C /* rhino-l.png */,
				53F6FE490EB0C768007ACF2C /* rhino-r.png */,
				53F6FE4A0EB0C768007ACF2C /* rhino.png */,
				53F6FE100EB0C608007ACF2C /* elephant.png */,
				53F6FE110EB0C608007ACF2C /* empty.png */,
				C0196E560EA3985D007A6E23 /* icon.icns */,
				8D1107310486CEB800E47090 /* Info.plist */,
				089C165CFE840E0CC02AAC07 /* InfoPlist.strings */,
			);
			name = Resources;
			sourceTree = "<group>";
		};
		29B97323FDCFA39411CA2CEA /* Frameworks */ = {
			isa = PBXGroup;
			children = (
				1058C7A0FEA54F0111CA2CBB /* Linked Frameworks */,
				1058C7A2FEA54F0111CA2CBB /* Other Frameworks */,
			);
			name = Frameworks;
			sourceTree = "<group>";
		};
/* End PBXGroup section */

/* Begin PBXNativeTarget section */
		8D1107260486CEB800E47090 /* GTK-Siam */ = {
			isa = PBXNativeTarget;
			buildConfigurationList = C01FCF4A08A954540054247B /* Build configuration list for PBXNativeTarget "GTK-Siam" */;
			buildPhases = (
				8D1107290486CEB800E47090 /* Resources */,
				8D11072C0486CEB800E47090 /* Sources */,
				8D11072E0486CEB800E47090 /* Frameworks */,
			);
			buildRules = (
			);
			dependencies = (
			);
			name = "GTK-Siam";
			productInstallPath = "$(HOME)/Applications";
			productName = "GTK-Siam";
			productReference = 8D1107320486CEB800E47090 /* GTK-Siam.app */;
			productType = "com.apple.product-type.application";
		};
/* End PBXNativeTarget section */

/* Begin PBXProject section */
		29B97313FDCFA39411CA2CEA /* Project object */ = {
			isa = PBXProject;
			buildConfigurationList = C01FCF4E08A954540054247B /* Build configuration list for PBXProject "GTK-Siam" */;
			compatibilityVersion = "Xcode 2.4";
			hasScannedForEncodings = 1;
			mainGroup = 29B97314FDCFA39411CA2CEA /* GTK-Siam */;
			projectDirPath = "";
			projectRoot = "";
			targets = (
				8D1107260486CEB800E47090 /* GTK-Siam */,
			);
		};
/* End PBXProject section */

/* Begin PBXResourcesBuildPhase section */
		8D1107290486CEB800E47090 /* Resources */ = {
			isa = PBXResourcesBuildPhase;
			buildActionMask = 2147483647;
			files = (
				8D11072B0486CEB800E47090 /* InfoPlist.strings in Resources */,
				C0196E570EA3985D007A6E23 /* icon.icns in Resources */,
				C0F103B20EC75A7400C8C623 /* win.png in Resources */,
			);
			runOnlyForDeploymentPostprocessing = 0;
		};
/* End PBXResourcesBuildPhase section */

/* Begin PBXSourcesBuildPhase section */
		8D11072C0486CEB800E47090 /* Sources */ = {
			isa = PBXSourcesBuildPhase;
			buildActionMask = 2147483647;
			files = (
				8D11072D0486CEB800E47090 /* main.c in Sources */,
				C0196E840EA3A2FE007A6E23 /* newgame.c in Sources */,
				C0196E950EA3A613007A6E23 /* menu.c in Sources */,
				53030B900EA519800076D477 /* init.c in Sources */,
				53F35A350EAE1BB60066F650 /* timer.c in Sources */,
				5374A5C90EAF903F00B698B5 /* game.c in Sources */,
			);
			runOnlyForDeploymentPostprocessing = 0;
		};
/* End PBXSourcesBuildPhase section */

/* Begin PBXVariantGroup section */
		089C165CFE840E0CC02AAC07 /* InfoPlist.strings */ = {
			isa = PBXVariantGroup;
			children = (
				089C165DFE840E0CC02AAC07 /* English */,
			);
			name = InfoPlist.strings;
			sourceTree = "<group>";
		};
/* End PBXVariantGroup section */

/* Begin XCBuildConfiguration section */
		C01FCF4B08A954540054247B /* Debug */ = {
			isa = XCBuildConfiguration;
			buildSettings = {
				COPY_PHASE_STRIP = NO;
				GCC_DYNAMIC_NO_PIC = NO;
				GCC_ENABLE_FIX_AND_CONTINUE = YES;
				GCC_MODEL_TUNING = G5;
				GCC_OPTIMIZATION_LEVEL = 0;
				INFOPLIST_FILE = Info.plist;
				INSTALL_PATH = "$(HOME)/Applications";
				PRODUCT_NAME = "GTK-Siam";
				WRAPPER_EXTENSION = app;
				ZERO_LINK = YES;
			};
			name = Debug;
		};
		C01FCF4C08A954540054247B /* Release */ = {
			isa = XCBuildConfiguration;
			buildSettings = {
				ARCHS = i386;
				GCC_GENERATE_DEBUGGING_SYMBOLS = NO;
				GCC_MODEL_TUNING = G5;
				INFOPLIST_FILE = Info.plist;
				INSTALL_PATH = "$(HOME)/Applications";
				PRODUCT_NAME = "GTK-Siam";
				WRAPPER_EXTENSION = app;
			};
			name = Release;
		};
		C01FCF4F08A954540054247B /* Debug */ = {
			isa = XCBuildConfiguration;
			buildSettings = {
				/Library/Frameworks/Cairo.framework/Headers = /Library/Frameworks/Cairo.framework/Headers;
				/Library/Frameworks/GLib.framework/Headers = /Library/Frameworks/GLib.framework/Headers;
				ARCHS = "$(NATIVE_ARCH)";
				GCC_WARN_ABOUT_RETURN_TYPE = YES;
				GCC_WARN_UNUSED_VARIABLE = YES;
				HEADER_SEARCH_PATHS = (
					/Library/Frameworks/Cairo.framework/Headers,
					/Library/Frameworks/GLib.framework/Headers,
					/Library/Frameworks/Gtk.framework/Headers,
				);
				PREBINDING = NO;
				SDKROOT = /Developer/SDKs/MacOSX10.4u.sdk;
			};
			name = Debug;
		};
		C01FCF5008A954540054247B /* Release */ = {
			isa = XCBuildConfiguration;
			buildSettings = {
				/Library/Frameworks/Cairo.framework/Headers = /Library/Frameworks/Cairo.framework/Headers;
				/Library/Frameworks/GLib.framework/Headers = /Library/Frameworks/GLib.framework/Headers;
				GCC_WARN_ABOUT_RETURN_TYPE = YES;
				GCC_WARN_UNUSED_VARIABLE = YES;
				HEADER_SEARCH_PATHS = (
					/Library/Frameworks/Cairo.framework/Headers,
					/Library/Frameworks/GLib.framework/Headers,
					/Library/Frameworks/Gtk.framework/Headers,
				);
				PREBINDING = NO;
				SDKROOT = /Developer/SDKs/MacOSX10.4u.sdk;
			};
			name = Release;
		};
/* End XCBuildConfiguration section */

/* Begin XCConfigurationList section */
		C01FCF4A08A954540054247B /* Build configuration list for PBXNativeTarget "GTK-Siam" */ = {
			isa = XCConfigurationList;
			buildConfigurations = (
				C01FCF4B08A954540054247B /* Debug */,
				C01FCF4C08A954540054247B /* Release */,
			);
			defaultConfigurationIsVisible = 0;
			defaultConfigurationName = Release;
		};
		C01FCF4E08A954540054247B /* Build configuration list for PBXProject "GTK-Siam" */ = {
			isa = XCConfigurationList;
			buildConfigurations = (
				C01FCF4F08A954540054247B /* Debug */,
				C01FCF5008A954540054247B /* Release */,
			);
			defaultConfigurationIsVisible = 0;
			defaultConfigurationName = Release;
		};
/* End XCConfigurationList section */
	};
	rootObject = 29B97313FDCFA39411CA2CEA /* Project object */;
}
